
Microsoft Visual Studio Solution File, Format Version 12.00
# Visual Studio Version 17
VisualStudioVersion = 17.11.35222.181
MinimumVisualStudioVersion = 10.0.40219.1
Project("{9A19103F-16F7-4668-BE54-9A1E7A4F7556}") = "HLab.Erp.Lims.Analysis.Avalonia", "HLab.Erp.Lims\HLab.Erp.Lims.Analysis.Avalonia\HLab.Erp.Lims.Analysis.Avalonia.csproj", "{8243E118-F46E-45DD-B089-927223B240B5}"
EndProject
Project("{9A19103F-16F7-4668-BE54-9A1E7A4F7556}") = "HLab.Erp.Lims.Analysis.Avalonia.Desktop", "HLab.Erp.Lims\HLab.Erp.Lims.Analysis.Avalonia.Desktop\HLab.Erp.Lims.Analysis.Avalonia.Desktop.csproj", "{39BB034B-2C3C-4452-B8A1-56552BF1404A}"
EndProject
Project("{9A19103F-16F7-4668-BE54-9A1E7A4F7556}") = "HLab.Erp.Lims.Analysis.Data", "HLab.Erp.Lims\Hlab.Erp.Lims.Analysis.Data\HLab.Erp.Lims.Analysis.Data.csproj", "{9180378F-A59F-488D-A333-508D164BF641}"
EndProject
Project("{2150E333-8FDC-42A3-9474-1A3956D46DE8}") = "HLab.Erp", "HLab.Erp", "{74680561-9536-4DB7-B97F-117BDF4A4888}"
EndProject
Project("{9A19103F-16F7-4668-BE54-9A1E7A4F7556}") = "HLab.Erp.Base.Data", "HLab.Erp\HLab.Erp.Base.Data\HLab.Erp.Base.Data.csproj", "{591549BA-F03F-4517-8196-731524C0DEE1}"
EndProject
Project("{9A19103F-16F7-4668-BE54-9A1E7A4F7556}") = "HLab.Erp.Core", "HLab.Erp\HLab.Erp.Core\HLab.Erp.Core.csproj", "{44501C3C-15B7-4FF9-B9C8-6B29478E0FA5}"
EndProject
Project("{9A19103F-16F7-4668-BE54-9A1E7A4F7556}") = "HLab.Erp.Data", "HLab.Erp\HLab.Erp.Data\HLab.Erp.Data.csproj", "{8446BEE1-62DA-4AE2-8FE3-5D198C5B6677}"
EndProject
Project("{9A19103F-16F7-4668-BE54-9A1E7A4F7556}") = "HLab.Erp.Workflows", "HLab.Erp\HLab.Erp.Workflows\HLab.Erp.Workflows.csproj", "{4C2ED2D0-0309-4F2F-8812-65AAF81305B1}"
EndProject
Project("{FAE04EC0-301F-11D3-BF4B-00C04F79EFBC}") = "HLab.Base", "HLab.Core\HLab.Base\HLab.Base.csproj", "{89149EAF-59CD-44A6-83B8-72149ADE4F82}"
EndProject
Project("{2150E333-8FDC-42A3-9474-1A3956D46DE8}") = "HLab.Core", "HLab.Core", "{AA5C9D7E-018F-4B22-82C5-955C8FB17EE7}"
EndProject
Project("{FAE04EC0-301F-11D3-BF4B-00C04F79EFBC}") = "HLab.Mvvm.Application", "HLab.Core\HLab.Mvvm.Application\HLab.Mvvm.Application.csproj", "{B6775781-8BD3-4C0D-A495-1D74CEB94883}"
EndProject
Project("{FAE04EC0-301F-11D3-BF4B-00C04F79EFBC}") = "HLab.Core.Annotations", "HLab.Core\HLab.Core.Annotations\HLab.Core.Annotations.csproj", "{AF232063-8765-4B68-8BC6-66F9A3A43B46}"
EndProject
Project("{FAE04EC0-301F-11D3-BF4B-00C04F79EFBC}") = "HLab.Core.ReactiveUI", "HLab.Core\HLab.Core.ReactiveUI\HLab.Core.ReactiveUI.csproj", "{29810AAC-68B5-4E5C-B6AA-5D4C51F2C331}"
EndProject
Project("{FAE04EC0-301F-11D3-BF4B-00C04F79EFBC}") = "HLab.Core", "HLab.Core\HLab.Core\HLab.Core.csproj", "{B7F4CF07-54E9-4259-BB12-F18F12A1E6D6}"
EndProject
Project("{FAE04EC0-301F-11D3-BF4B-00C04F79EFBC}") = "HLab.Mvvm.Annotations", "HLab.Core\HLab.Mvvm.Annotations\HLab.Mvvm.Annotations.csproj", "{C900310F-86B1-4902-A317-70AA89DECFE1}"
EndProject
Project("{FAE04EC0-301F-11D3-BF4B-00C04F79EFBC}") = "HLab.Options", "HLab.Core\HLab.Options\HLab.Options.csproj", "{7A07B22B-099E-41DC-8344-67BA0043B7F8}"
EndProject
Project("{FAE04EC0-301F-11D3-BF4B-00C04F79EFBC}") = "HLab.Mvvm", "HLab.Core\HLab.Mvvm\HLab.Mvvm.csproj", "{FCC1EC04-42A5-4CEA-B270-009C02A19976}"
EndProject
Project("{FAE04EC0-301F-11D3-BF4B-00C04F79EFBC}") = "HLab.Erp.Acl", "HLab.Erp\HLab.Erp.Acl\HLab.Erp.Acl.csproj", "{D71917E4-8CD0-46A3-845D-847720DCD152}"
EndProject
Project("{FAE04EC0-301F-11D3-BF4B-00C04F79EFBC}") = "HLab.Erp.Data.Annotations", "HLab.Erp\HLab.Erp.Data.Annotations\HLab.Erp.Data.Annotations.csproj", "{90D3914A-95CF-4AEA-B6E5-50051920F261}"
EndProject
Project("{FAE04EC0-301F-11D3-BF4B-00C04F79EFBC}") = "HLab.Erp.Core.Annotations", "HLab.Erp\HLab.Erp.Core.Annotations\HLab.Erp.Core.Annotations.csproj", "{175140C0-BE10-40D1-AEB0-8625C2A97019}"
EndProject
Project("{FAE04EC0-301F-11D3-BF4B-00C04F79EFBC}") = "HLab.Erp.Conformity.Annotations", "HLab.Erp\HLab.Erp.Forms.Annotations\HLab.Erp.Conformity.Annotations.csproj", "{D6EF0809-1EAD-4613-9F44-37CA9324EA78}"
EndProject
Project("{2150E333-8FDC-42A3-9474-1A3956D46DE8}") = "HLab.Erp.Lims", "HLab.Erp.Lims", "{E65F55FA-5F33-4B34-9B9A-EF6ABC829D1F}"
EndProject
Global
	GlobalSection(SolutionConfigurationPlatforms) = preSolution
		Debug|Any CPU = Debug|Any CPU
		Debug|x64 = Debug|x64
		Debug|x86 = Debug|x86
		DebugRelease|Any CPU = DebugRelease|Any CPU
		DebugRelease|x64 = DebugRelease|x64
		DebugRelease|x86 = DebugRelease|x86
		Release|Any CPU = Release|Any CPU
		Release|x64 = Release|x64
		Release|x86 = Release|x86
	EndGlobalSection
	GlobalSection(ProjectConfigurationPlatforms) = postSolution
		{8243E118-F46E-45DD-B089-927223B240B5}.Debug|Any CPU.ActiveCfg = Debug|Any CPU
		{8243E118-F46E-45DD-B089-927223B240B5}.Debug|Any CPU.Build.0 = Debug|Any CPU
		{8243E118-F46E-45DD-B089-927223B240B5}.Debug|x64.ActiveCfg = Debug|Any CPU
		{8243E118-F46E-45DD-B089-927223B240B5}.Debug|x64.Build.0 = Debug|Any CPU
		{8243E118-F46E-45DD-B089-927223B240B5}.Debug|x86.ActiveCfg = Debug|Any CPU
		{8243E118-F46E-45DD-B089-927223B240B5}.Debug|x86.Build.0 = Debug|Any CPU
		{8243E118-F46E-45DD-B089-927223B240B5}.DebugRelease|Any CPU.ActiveCfg = Release|Any CPU
		{8243E118-F46E-45DD-B089-927223B240B5}.DebugRelease|Any CPU.Build.0 = Release|Any CPU
		{8243E118-F46E-45DD-B089-927223B240B5}.DebugRelease|x64.ActiveCfg = Release|Any CPU
		{8243E118-F46E-45DD-B089-927223B240B5}.DebugRelease|x64.Build.0 = Release|Any CPU
		{8243E118-F46E-45DD-B089-927223B240B5}.DebugRelease|x86.ActiveCfg = Release|Any CPU
		{8243E118-F46E-45DD-B089-927223B240B5}.DebugRelease|x86.Build.0 = Release|Any CPU
		{8243E118-F46E-45DD-B089-927223B240B5}.Release|Any CPU.ActiveCfg = Release|Any CPU
		{8243E118-F46E-45DD-B089-927223B240B5}.Release|Any CPU.Build.0 = Release|Any CPU
		{8243E118-F46E-45DD-B089-927223B240B5}.Release|x64.ActiveCfg = Release|Any CPU
		{8243E118-F46E-45DD-B089-927223B240B5}.Release|x64.Build.0 = Release|Any CPU
		{8243E118-F46E-45DD-B089-927223B240B5}.Release|x86.ActiveCfg = Release|Any CPU
		{8243E118-F46E-45DD-B089-927223B240B5}.Release|x86.Build.0 = Release|Any CPU
		{39BB034B-2C3C-4452-B8A1-56552BF1404A}.Debug|Any CPU.ActiveCfg = Debug|Any CPU
		{39BB034B-2C3C-4452-B8A1-56552BF1404A}.Debug|Any CPU.Build.0 = Debug|Any CPU
		{39BB034B-2C3C-4452-B8A1-56552BF1404A}.Debug|x64.ActiveCfg = Debug|Any CPU
		{39BB034B-2C3C-4452-B8A1-56552BF1404A}.Debug|x64.Build.0 = Debug|Any CPU
		{39BB034B-2C3C-4452-B8A1-56552BF1404A}.Debug|x86.ActiveCfg = Debug|Any CPU
		{39BB034B-2C3C-4452-B8A1-56552BF1404A}.Debug|x86.Build.0 = Debug|Any CPU
		{39BB034B-2C3C-4452-B8A1-56552BF1404A}.DebugRelease|Any CPU.ActiveCfg = Release|Any CPU
		{39BB034B-2C3C-4452-B8A1-56552BF1404A}.DebugRelease|Any CPU.Build.0 = Release|Any CPU
		{39BB034B-2C3C-4452-B8A1-56552BF1404A}.DebugRelease|x64.ActiveCfg = Release|Any CPU
		{39BB034B-2C3C-4452-B8A1-56552BF1404A}.DebugRelease|x64.Build.0 = Release|Any CPU
		{39BB034B-2C3C-4452-B8A1-56552BF1404A}.DebugRelease|x86.ActiveCfg = Release|Any CPU
		{39BB034B-2C3C-4452-B8A1-56552BF1404A}.DebugRelease|x86.Build.0 = Release|Any CPU
		{39BB034B-2C3C-4452-B8A1-56552BF1404A}.Release|Any CPU.ActiveCfg = Release|Any CPU
		{39BB034B-2C3C-4452-B8A1-56552BF1404A}.Release|Any CPU.Build.0 = Release|Any CPU
		{39BB034B-2C3C-4452-B8A1-56552BF1404A}.Release|x64.ActiveCfg = Release|Any CPU
		{39BB034B-2C3C-4452-B8A1-56552BF1404A}.Release|x64.Build.0 = Release|Any CPU
		{39BB034B-2C3C-4452-B8A1-56552BF1404A}.Release|x86.ActiveCfg = Release|Any CPU
		{39BB034B-2C3C-4452-B8A1-56552BF1404A}.Release|x86.Build.0 = Release|Any CPU
		{9180378F-A59F-488D-A333-508D164BF641}.Debug|Any CPU.ActiveCfg = Debug|Any CPU
		{9180378F-A59F-488D-A333-508D164BF641}.Debug|Any CPU.Build.0 = Debug|Any CPU
		{9180378F-A59F-488D-A333-508D164BF641}.Debug|x64.ActiveCfg = Debug|x64
		{9180378F-A59F-488D-A333-508D164BF641}.Debug|x64.Build.0 = Debug|x64
		{9180378F-A59F-488D-A333-508D164BF641}.Debug|x86.ActiveCfg = Debug|x86
		{9180378F-A59F-488D-A333-508D164BF641}.Debug|x86.Build.0 = Debug|x86
		{9180378F-A59F-488D-A333-508D164BF641}.DebugRelease|Any CPU.ActiveCfg = DebugRelease|Any CPU
		{9180378F-A59F-488D-A333-508D164BF641}.DebugRelease|Any CPU.Build.0 = DebugRelease|Any CPU
		{9180378F-A59F-488D-A333-508D164BF641}.DebugRelease|x64.ActiveCfg = DebugRelease|x64
		{9180378F-A59F-488D-A333-508D164BF641}.DebugRelease|x64.Build.0 = DebugRelease|x64
		{9180378F-A59F-488D-A333-508D164BF641}.DebugRelease|x86.ActiveCfg = DebugRelease|x86
		{9180378F-A59F-488D-A333-508D164BF641}.DebugRelease|x86.Build.0 = DebugRelease|x86
		{9180378F-A59F-488D-A333-508D164BF641}.Release|Any CPU.ActiveCfg = Release|Any CPU
		{9180378F-A59F-488D-A333-508D164BF641}.Release|Any CPU.Build.0 = Release|Any CPU
		{9180378F-A59F-488D-A333-508D164BF641}.Release|x64.ActiveCfg = Release|x64
		{9180378F-A59F-488D-A333-508D164BF641}.Release|x64.Build.0 = Release|x64
		{9180378F-A59F-488D-A333-508D164BF641}.Release|x86.ActiveCfg = Release|x86
		{9180378F-A59F-488D-A333-508D164BF641}.Release|x86.Build.0 = Release|x86
		{591549BA-F03F-4517-8196-731524C0DEE1}.Debug|Any CPU.ActiveCfg = Debug|Any CPU
		{591549BA-F03F-4517-8196-731524C0DEE1}.Debug|Any CPU.Build.0 = Debug|Any CPU
		{591549BA-F03F-4517-8196-731524C0DEE1}.Debug|x64.ActiveCfg = Debug|x64
		{591549BA-F03F-4517-8196-731524C0DEE1}.Debug|x64.Build.0 = Debug|x64
		{591549BA-F03F-4517-8196-731524C0DEE1}.Debug|x86.ActiveCfg = Debug|x86
		{591549BA-F03F-4517-8196-731524C0DEE1}.Debug|x86.Build.0 = Debug|x86
		{591549BA-F03F-4517-8196-731524C0DEE1}.DebugRelease|Any CPU.ActiveCfg = DebugRelease|Any CPU
		{591549BA-F03F-4517-8196-731524C0DEE1}.DebugRelease|Any CPU.Build.0 = DebugRelease|Any CPU
		{591549BA-F03F-4517-8196-731524C0DEE1}.DebugRelease|x64.ActiveCfg = DebugRelease|x64
		{591549BA-F03F-4517-8196-731524C0DEE1}.DebugRelease|x64.Build.0 = DebugRelease|x64
		{591549BA-F03F-4517-8196-731524C0DEE1}.DebugRelease|x86.ActiveCfg = DebugRelease|x86
		{591549BA-F03F-4517-8196-731524C0DEE1}.DebugRelease|x86.Build.0 = DebugRelease|x86
		{591549BA-F03F-4517-8196-731524C0DEE1}.Release|Any CPU.ActiveCfg = Release|Any CPU
		{591549BA-F03F-4517-8196-731524C0DEE1}.Release|Any CPU.Build.0 = Release|Any CPU
		{591549BA-F03F-4517-8196-731524C0DEE1}.Release|x64.ActiveCfg = Release|x64
		{591549BA-F03F-4517-8196-731524C0DEE1}.Release|x64.Build.0 = Release|x64
		{591549BA-F03F-4517-8196-731524C0DEE1}.Release|x86.ActiveCfg = Release|x86
		{591549BA-F03F-4517-8196-731524C0DEE1}.Release|x86.Build.0 = Release|x86
		{44501C3C-15B7-4FF9-B9C8-6B29478E0FA5}.Debug|Any CPU.ActiveCfg = Debug|Any CPU
		{44501C3C-15B7-4FF9-B9C8-6B29478E0FA5}.Debug|Any CPU.Build.0 = Debug|Any CPU
		{44501C3C-15B7-4FF9-B9C8-6B29478E0FA5}.Debug|x64.ActiveCfg = Debug|x64
		{44501C3C-15B7-4FF9-B9C8-6B29478E0FA5}.Debug|x64.Build.0 = Debug|x64
		{44501C3C-15B7-4FF9-B9C8-6B29478E0FA5}.Debug|x86.ActiveCfg = Debug|x86
		{44501C3C-15B7-4FF9-B9C8-6B29478E0FA5}.Debug|x86.Build.0 = Debug|x86
		{44501C3C-15B7-4FF9-B9C8-6B29478E0FA5}.DebugRelease|Any CPU.ActiveCfg = DebugRelease|Any CPU
		{44501C3C-15B7-4FF9-B9C8-6B29478E0FA5}.DebugRelease|Any CPU.Build.0 = DebugRelease|Any CPU
		{44501C3C-15B7-4FF9-B9C8-6B29478E0FA5}.DebugRelease|x64.ActiveCfg = DebugRelease|x64
		{44501C3C-15B7-4FF9-B9C8-6B29478E0FA5}.DebugRelease|x64.Build.0 = DebugRelease|x64
		{44501C3C-15B7-4FF9-B9C8-6B29478E0FA5}.DebugRelease|x86.ActiveCfg = DebugRelease|x86
		{44501C3C-15B7-4FF9-B9C8-6B29478E0FA5}.DebugRelease|x86.Build.0 = DebugRelease|x86
		{44501C3C-15B7-4FF9-B9C8-6B29478E0FA5}.Release|Any CPU.ActiveCfg = Release|Any CPU
		{44501C3C-15B7-4FF9-B9C8-6B29478E0FA5}.Release|Any CPU.Build.0 = Release|Any CPU
		{44501C3C-15B7-4FF9-B9C8-6B29478E0FA5}.Release|x64.ActiveCfg = Release|x64
		{44501C3C-15B7-4FF9-B9C8-6B29478E0FA5}.Release|x64.Build.0 = Release|x64
		{44501C3C-15B7-4FF9-B9C8-6B29478E0FA5}.Release|x86.ActiveCfg = Release|x86
		{44501C3C-15B7-4FF9-B9C8-6B29478E0FA5}.Release|x86.Build.0 = Release|x86
		{8446BEE1-62DA-4AE2-8FE3-5D198C5B6677}.Debug|Any CPU.ActiveCfg = Debug|Any CPU
		{8446BEE1-62DA-4AE2-8FE3-5D198C5B6677}.Debug|Any CPU.Build.0 = Debug|Any CPU
		{8446BEE1-62DA-4AE2-8FE3-5D198C5B6677}.Debug|x64.ActiveCfg = Debug|x64
		{8446BEE1-62DA-4AE2-8FE3-5D198C5B6677}.Debug|x64.Build.0 = Debug|x64
		{8446BEE1-62DA-4AE2-8FE3-5D198C5B6677}.Debug|x86.ActiveCfg = Debug|x86
		{8446BEE1-62DA-4AE2-8FE3-5D198C5B6677}.Debug|x86.Build.0 = Debug|x86
		{8446BEE1-62DA-4AE2-8FE3-5D198C5B6677}.DebugRelease|Any CPU.ActiveCfg = DebugRelease|Any CPU
		{8446BEE1-62DA-4AE2-8FE3-5D198C5B6677}.DebugRelease|Any CPU.Build.0 = DebugRelease|Any CPU
		{8446BEE1-62DA-4AE2-8FE3-5D198C5B6677}.DebugRelease|x64.ActiveCfg = DebugRelease|x64
		{8446BEE1-62DA-4AE2-8FE3-5D198C5B6677}.DebugRelease|x64.Build.0 = DebugRelease|x64
		{8446BEE1-62DA-4AE2-8FE3-5D198C5B6677}.DebugRelease|x86.ActiveCfg = DebugRelease|x86
		{8446BEE1-62DA-4AE2-8FE3-5D198C5B6677}.DebugRelease|x86.Build.0 = DebugRelease|x86
		{8446BEE1-62DA-4AE2-8FE3-5D198C5B6677}.Release|Any CPU.ActiveCfg = Release|Any CPU
		{8446BEE1-62DA-4AE2-8FE3-5D198C5B6677}.Release|Any CPU.Build.0 = Release|Any CPU
		{8446BEE1-62DA-4AE2-8FE3-5D198C5B6677}.Release|x64.ActiveCfg = Release|x64
		{8446BEE1-62DA-4AE2-8FE3-5D198C5B6677}.Release|x64.Build.0 = Release|x64
		{8446BEE1-62DA-4AE2-8FE3-5D198C5B6677}.Release|x86.ActiveCfg = Release|x86
		{8446BEE1-62DA-4AE2-8FE3-5D198C5B6677}.Release|x86.Build.0 = Release|x86
		{4C2ED2D0-0309-4F2F-8812-65AAF81305B1}.Debug|Any CPU.ActiveCfg = Debug|Any CPU
		{4C2ED2D0-0309-4F2F-8812-65AAF81305B1}.Debug|Any CPU.Build.0 = Debug|Any CPU
		{4C2ED2D0-0309-4F2F-8812-65AAF81305B1}.Debug|x64.ActiveCfg = Debug|x64
		{4C2ED2D0-0309-4F2F-8812-65AAF81305B1}.Debug|x64.Build.0 = Debug|x64
		{4C2ED2D0-0309-4F2F-8812-65AAF81305B1}.Debug|x86.ActiveCfg = Debug|x86
		{4C2ED2D0-0309-4F2F-8812-65AAF81305B1}.Debug|x86.Build.0 = Debug|x86
		{4C2ED2D0-0309-4F2F-8812-65AAF81305B1}.DebugRelease|Any CPU.ActiveCfg = DebugRelease|Any CPU
		{4C2ED2D0-0309-4F2F-8812-65AAF81305B1}.DebugRelease|Any CPU.Build.0 = DebugRelease|Any CPU
		{4C2ED2D0-0309-4F2F-8812-65AAF81305B1}.DebugRelease|x64.ActiveCfg = DebugRelease|x64
		{4C2ED2D0-0309-4F2F-8812-65AAF81305B1}.DebugRelease|x64.Build.0 = DebugRelease|x64
		{4C2ED2D0-0309-4F2F-8812-65AAF81305B1}.DebugRelease|x86.ActiveCfg = DebugRelease|x86
		{4C2ED2D0-0309-4F2F-8812-65AAF81305B1}.DebugRelease|x86.Build.0 = DebugRelease|x86
		{4C2ED2D0-0309-4F2F-8812-65AAF81305B1}.Release|Any CPU.ActiveCfg = Release|Any CPU
		{4C2ED2D0-0309-4F2F-8812-65AAF81305B1}.Release|Any CPU.Build.0 = Release|Any CPU
		{4C2ED2D0-0309-4F2F-8812-65AAF81305B1}.Release|x64.ActiveCfg = Release|x64
		{4C2ED2D0-0309-4F2F-8812-65AAF81305B1}.Release|x64.Build.0 = Release|x64
		{4C2ED2D0-0309-4F2F-8812-65AAF81305B1}.Release|x86.ActiveCfg = Release|x86
		{4C2ED2D0-0309-4F2F-8812-65AAF81305B1}.Release|x86.Build.0 = Release|x86
		{89149EAF-59CD-44A6-83B8-72149ADE4F82}.Debug|Any CPU.ActiveCfg = Debug|Any CPU
		{89149EAF-59CD-44A6-83B8-72149ADE4F82}.Debug|Any CPU.Build.0 = Debug|Any CPU
		{89149EAF-59CD-44A6-83B8-72149ADE4F82}.Debug|x64.ActiveCfg = Debug|x64
		{89149EAF-59CD-44A6-83B8-72149ADE4F82}.Debug|x64.Build.0 = Debug|x64
		{89149EAF-59CD-44A6-83B8-72149ADE4F82}.Debug|x86.ActiveCfg = Debug|x86
		{89149EAF-59CD-44A6-83B8-72149ADE4F82}.Debug|x86.Build.0 = Debug|x86
		{89149EAF-59CD-44A6-83B8-72149ADE4F82}.DebugRelease|Any CPU.ActiveCfg = Release|Any CPU
		{89149EAF-59CD-44A6-83B8-72149ADE4F82}.DebugRelease|Any CPU.Build.0 = Release|Any CPU
		{89149EAF-59CD-44A6-83B8-72149ADE4F82}.DebugRelease|x64.ActiveCfg = Release|x64
		{89149EAF-59CD-44A6-83B8-72149ADE4F82}.DebugRelease|x64.Build.0 = Release|x64
		{89149EAF-59CD-44A6-83B8-72149ADE4F82}.DebugRelease|x86.ActiveCfg = Release|x86
		{89149EAF-59CD-44A6-83B8-72149ADE4F82}.DebugRelease|x86.Build.0 = Release|x86
		{89149EAF-59CD-44A6-83B8-72149ADE4F82}.Release|Any CPU.ActiveCfg = Release|Any CPU
		{89149EAF-59CD-44A6-83B8-72149ADE4F82}.Release|Any CPU.Build.0 = Release|Any CPU
		{89149EAF-59CD-44A6-83B8-72149ADE4F82}.Release|x64.ActiveCfg = Release|x64
		{89149EAF-59CD-44A6-83B8-72149ADE4F82}.Release|x64.Build.0 = Release|x64
		{89149EAF-59CD-44A6-83B8-72149ADE4F82}.Release|x86.ActiveCfg = Release|x86
		{89149EAF-59CD-44A6-83B8-72149ADE4F82}.Release|x86.Build.0 = Release|x86
		{B6775781-8BD3-4C0D-A495-1D74CEB94883}.Debug|Any CPU.ActiveCfg = Debug|Any CPU
		{B6775781-8BD3-4C0D-A495-1D74CEB94883}.Debug|Any CPU.Build.0 = Debug|Any CPU
		{B6775781-8BD3-4C0D-A495-1D74CEB94883}.Debug|x64.ActiveCfg = Debug|x64
		{B6775781-8BD3-4C0D-A495-1D74CEB94883}.Debug|x64.Build.0 = Debug|x64
		{B6775781-8BD3-4C0D-A495-1D74CEB94883}.Debug|x86.ActiveCfg = Debug|Any CPU
		{B6775781-8BD3-4C0D-A495-1D74CEB94883}.Debug|x86.Build.0 = Debug|Any CPU
		{B6775781-8BD3-4C0D-A495-1D74CEB94883}.DebugRelease|Any CPU.ActiveCfg = DebugRelease|Any CPU
		{B6775781-8BD3-4C0D-A495-1D74CEB94883}.DebugRelease|Any CPU.Build.0 = DebugRelease|Any CPU
		{B6775781-8BD3-4C0D-A495-1D74CEB94883}.DebugRelease|x64.ActiveCfg = DebugRelease|x64
		{B6775781-8BD3-4C0D-A495-1D74CEB94883}.DebugRelease|x64.Build.0 = DebugRelease|x64
		{B6775781-8BD3-4C0D-A495-1D74CEB94883}.DebugRelease|x86.ActiveCfg = DebugRelease|Any CPU
		{B6775781-8BD3-4C0D-A495-1D74CEB94883}.DebugRelease|x86.Build.0 = DebugRelease|Any CPU
		{B6775781-8BD3-4C0D-A495-1D74CEB94883}.Release|Any CPU.ActiveCfg = Release|Any CPU
		{B6775781-8BD3-4C0D-A495-1D74CEB94883}.Release|Any CPU.Build.0 = Release|Any CPU
		{B6775781-8BD3-4C0D-A495-1D74CEB94883}.Release|x64.ActiveCfg = Release|x64
		{B6775781-8BD3-4C0D-A495-1D74CEB94883}.Release|x64.Build.0 = Release|x64
		{B6775781-8BD3-4C0D-A495-1D74CEB94883}.Release|x86.ActiveCfg = Release|Any CPU
		{B6775781-8BD3-4C0D-A495-1D74CEB94883}.Release|x86.Build.0 = Release|Any CPU
		{AF232063-8765-4B68-8BC6-66F9A3A43B46}.Debug|Any CPU.ActiveCfg = Debug|Any CPU
		{AF232063-8765-4B68-8BC6-66F9A3A43B46}.Debug|Any CPU.Build.0 = Debug|Any CPU
		{AF232063-8765-4B68-8BC6-66F9A3A43B46}.Debug|x64.ActiveCfg = Debug|x64
		{AF232063-8765-4B68-8BC6-66F9A3A43B46}.Debug|x64.Build.0 = Debug|x64
		{AF232063-8765-4B68-8BC6-66F9A3A43B46}.Debug|x86.ActiveCfg = Debug|x86
		{AF232063-8765-4B68-8BC6-66F9A3A43B46}.Debug|x86.Build.0 = Debug|x86
		{AF232063-8765-4B68-8BC6-66F9A3A43B46}.DebugRelease|Any CPU.ActiveCfg = Release|Any CPU
		{AF232063-8765-4B68-8BC6-66F9A3A43B46}.DebugRelease|Any CPU.Build.0 = Release|Any CPU
		{AF232063-8765-4B68-8BC6-66F9A3A43B46}.DebugRelease|x64.ActiveCfg = Release|x64
		{AF232063-8765-4B68-8BC6-66F9A3A43B46}.DebugRelease|x64.Build.0 = Release|x64
		{AF232063-8765-4B68-8BC6-66F9A3A43B46}.DebugRelease|x86.ActiveCfg = Release|x86
		{AF232063-8765-4B68-8BC6-66F9A3A43B46}.DebugRelease|x86.Build.0 = Release|x86
		{AF232063-8765-4B68-8BC6-66F9A3A43B46}.Release|Any CPU.ActiveCfg = Release|Any CPU
		{AF232063-8765-4B68-8BC6-66F9A3A43B46}.Release|Any CPU.Build.0 = Release|Any CPU
		{AF232063-8765-4B68-8BC6-66F9A3A43B46}.Release|x64.ActiveCfg = Release|x64
		{AF232063-8765-4B68-8BC6-66F9A3A43B46}.Release|x64.Build.0 = Release|x64
		{AF232063-8765-4B68-8BC6-66F9A3A43B46}.Release|x86.ActiveCfg = Release|x86
		{AF232063-8765-4B68-8BC6-66F9A3A43B46}.Release|x86.Build.0 = Release|x86
		{29810AAC-68B5-4E5C-B6AA-5D4C51F2C331}.Debug|Any CPU.ActiveCfg = Debug|Any CPU
		{29810AAC-68B5-4E5C-B6AA-5D4C51F2C331}.Debug|Any CPU.Build.0 = Debug|Any CPU
		{29810AAC-68B5-4E5C-B6AA-5D4C51F2C331}.Debug|x64.ActiveCfg = Debug|x64
		{29810AAC-68B5-4E5C-B6AA-5D4C51F2C331}.Debug|x64.Build.0 = Debug|x64
		{29810AAC-68B5-4E5C-B6AA-5D4C51F2C331}.Debug|x86.ActiveCfg = Debug|Any CPU
		{29810AAC-68B5-4E5C-B6AA-5D4C51F2C331}.Debug|x86.Build.0 = Debug|Any CPU
		{29810AAC-68B5-4E5C-B6AA-5D4C51F2C331}.DebugRelease|Any CPU.ActiveCfg = Release|Any CPU
		{29810AAC-68B5-4E5C-B6AA-5D4C51F2C331}.DebugRelease|Any CPU.Build.0 = Release|Any CPU
		{29810AAC-68B5-4E5C-B6AA-5D4C51F2C331}.DebugRelease|x64.ActiveCfg = Release|x64
		{29810AAC-68B5-4E5C-B6AA-5D4C51F2C331}.DebugRelease|x64.Build.0 = Release|x64
		{29810AAC-68B5-4E5C-B6AA-5D4C51F2C331}.DebugRelease|x86.ActiveCfg = Release|Any CPU
		{29810AAC-68B5-4E5C-B6AA-5D4C51F2C331}.DebugRelease|x86.Build.0 = Release|Any CPU
		{29810AAC-68B5-4E5C-B6AA-5D4C51F2C331}.Release|Any CPU.ActiveCfg = Release|Any CPU
		{29810AAC-68B5-4E5C-B6AA-5D4C51F2C331}.Release|Any CPU.Build.0 = Release|Any CPU
		{29810AAC-68B5-4E5C-B6AA-5D4C51F2C331}.Release|x64.ActiveCfg = Release|x64
		{29810AAC-68B5-4E5C-B6AA-5D4C51F2C331}.Release|x64.Build.0 = Release|x64
		{29810AAC-68B5-4E5C-B6AA-5D4C51F2C331}.Release|x86.ActiveCfg = Release|Any CPU
		{29810AAC-68B5-4E5C-B6AA-5D4C51F2C331}.Release|x86.Build.0 = Release|Any CPU
		{B7F4CF07-54E9-4259-BB12-F18F12A1E6D6}.Debug|Any CPU.ActiveCfg = Debug|Any CPU
		{B7F4CF07-54E9-4259-BB12-F18F12A1E6D6}.Debug|Any CPU.Build.0 = Debug|Any CPU
		{B7F4CF07-54E9-4259-BB12-F18F12A1E6D6}.Debug|x64.ActiveCfg = Debug|x64
		{B7F4CF07-54E9-4259-BB12-F18F12A1E6D6}.Debug|x64.Build.0 = Debug|x64
		{B7F4CF07-54E9-4259-BB12-F18F12A1E6D6}.Debug|x86.ActiveCfg = Debug|x86
		{B7F4CF07-54E9-4259-BB12-F18F12A1E6D6}.Debug|x86.Build.0 = Debug|x86
		{B7F4CF07-54E9-4259-BB12-F18F12A1E6D6}.DebugRelease|Any CPU.ActiveCfg = Release|Any CPU
		{B7F4CF07-54E9-4259-BB12-F18F12A1E6D6}.DebugRelease|Any CPU.Build.0 = Release|Any CPU
		{B7F4CF07-54E9-4259-BB12-F18F12A1E6D6}.DebugRelease|x64.ActiveCfg = Release|x64
		{B7F4CF07-54E9-4259-BB12-F18F12A1E6D6}.DebugRelease|x64.Build.0 = Release|x64
		{B7F4CF07-54E9-4259-BB12-F18F12A1E6D6}.DebugRelease|x86.ActiveCfg = Release|x86
		{B7F4CF07-54E9-4259-BB12-F18F12A1E6D6}.DebugRelease|x86.Build.0 = Release|x86
		{B7F4CF07-54E9-4259-BB12-F18F12A1E6D6}.Release|Any CPU.ActiveCfg = Release|Any CPU
		{B7F4CF07-54E9-4259-BB12-F18F12A1E6D6}.Release|Any CPU.Build.0 = Release|Any CPU
		{B7F4CF07-54E9-4259-BB12-F18F12A1E6D6}.Release|x64.ActiveCfg = Release|x64
		{B7F4CF07-54E9-4259-BB12-F18F12A1E6D6}.Release|x64.Build.0 = Release|x64
		{B7F4CF07-54E9-4259-BB12-F18F12A1E6D6}.Release|x86.ActiveCfg = Release|x86
		{B7F4CF07-54E9-4259-BB12-F18F12A1E6D6}.Release|x86.Build.0 = Release|x86
		{C900310F-86B1-4902-A317-70AA89DECFE1}.Debug|Any CPU.ActiveCfg = Debug|Any CPU
		{C900310F-86B1-4902-A317-70AA89DECFE1}.Debug|Any CPU.Build.0 = Debug|Any CPU
		{C900310F-86B1-4902-A317-70AA89DECFE1}.Debug|x64.ActiveCfg = Debug|x64
		{C900310F-86B1-4902-A317-70AA89DECFE1}.Debug|x64.Build.0 = Debug|x64
		{C900310F-86B1-4902-A317-70AA89DECFE1}.Debug|x86.ActiveCfg = Debug|x86
		{C900310F-86B1-4902-A317-70AA89DECFE1}.Debug|x86.Build.0 = Debug|x86
		{C900310F-86B1-4902-A317-70AA89DECFE1}.DebugRelease|Any CPU.ActiveCfg = Release|Any CPU
		{C900310F-86B1-4902-A317-70AA89DECFE1}.DebugRelease|Any CPU.Build.0 = Release|Any CPU
		{C900310F-86B1-4902-A317-70AA89DECFE1}.DebugRelease|x64.ActiveCfg = Release|x64
		{C900310F-86B1-4902-A317-70AA89DECFE1}.DebugRelease|x64.Build.0 = Release|x64
		{C900310F-86B1-4902-A317-70AA89DECFE1}.DebugRelease|x86.ActiveCfg = Release|x86
		{C900310F-86B1-4902-A317-70AA89DECFE1}.DebugRelease|x86.Build.0 = Release|x86
		{C900310F-86B1-4902-A317-70AA89DECFE1}.Release|Any CPU.ActiveCfg = Release|Any CPU
		{C900310F-86B1-4902-A317-70AA89DECFE1}.Release|Any CPU.Build.0 = Release|Any CPU
		{C900310F-86B1-4902-A317-70AA89DECFE1}.Release|x64.ActiveCfg = Release|x64
		{C900310F-86B1-4902-A317-70AA89DECFE1}.Release|x64.Build.0 = Release|x64
		{C900310F-86B1-4902-A317-70AA89DECFE1}.Release|x86.ActiveCfg = Release|x86
		{C900310F-86B1-4902-A317-70AA89DECFE1}.Release|x86.Build.0 = Release|x86
		{7A07B22B-099E-41DC-8344-67BA0043B7F8}.Debug|Any CPU.ActiveCfg = Debug|Any CPU
		{7A07B22B-099E-41DC-8344-67BA0043B7F8}.Debug|Any CPU.Build.0 = Debug|Any CPU
		{7A07B22B-099E-41DC-8344-67BA0043B7F8}.Debug|x64.ActiveCfg = Debug|x64
		{7A07B22B-099E-41DC-8344-67BA0043B7F8}.Debug|x64.Build.0 = Debug|x64
		{7A07B22B-099E-41DC-8344-67BA0043B7F8}.Debug|x86.ActiveCfg = Debug|x86
		{7A07B22B-099E-41DC-8344-67BA0043B7F8}.Debug|x86.Build.0 = Debug|x86
		{7A07B22B-099E-41DC-8344-67BA0043B7F8}.DebugRelease|Any CPU.ActiveCfg = Release|Any CPU
		{7A07B22B-099E-41DC-8344-67BA0043B7F8}.DebugRelease|Any CPU.Build.0 = Release|Any CPU
		{7A07B22B-099E-41DC-8344-67BA0043B7F8}.DebugRelease|x64.ActiveCfg = Release|x64
		{7A07B22B-099E-41DC-8344-67BA0043B7F8}.DebugRelease|x64.Build.0 = Release|x64
		{7A07B22B-099E-41DC-8344-67BA0043B7F8}.DebugRelease|x86.ActiveCfg = Release|x86
		{7A07B22B-099E-41DC-8344-67BA0043B7F8}.DebugRelease|x86.Build.0 = Release|x86
		{7A07B22B-099E-41DC-8344-67BA0043B7F8}.Release|Any CPU.ActiveCfg = Release|Any CPU
		{7A07B22B-099E-41DC-8344-67BA0043B7F8}.Release|Any CPU.Build.0 = Release|Any CPU
		{7A07B22B-099E-41DC-8344-67BA0043B7F8}.Release|x64.ActiveCfg = Release|x64
		{7A07B22B-099E-41DC-8344-67BA0043B7F8}.Release|x64.Build.0 = Release|x64
		{7A07B22B-099E-41DC-8344-67BA0043B7F8}.Release|x86.ActiveCfg = Release|x86
		{7A07B22B-099E-41DC-8344-67BA0043B7F8}.Release|x86.Build.0 = Release|x86
		{FCC1EC04-42A5-4CEA-B270-009C02A19976}.Debug|Any CPU.ActiveCfg = Debug|Any CPU
		{FCC1EC04-42A5-4CEA-B270-009C02A19976}.Debug|Any CPU.Build.0 = Debug|Any CPU
		{FCC1EC04-42A5-4CEA-B270-009C02A19976}.Debug|x64.ActiveCfg = Debug|x64
		{FCC1EC04-42A5-4CEA-B270-009C02A19976}.Debug|x64.Build.0 = Debug|x64
		{FCC1EC04-42A5-4CEA-B270-009C02A19976}.Debug|x86.ActiveCfg = Debug|x86
		{FCC1EC04-42A5-4CEA-B270-009C02A19976}.Debug|x86.Build.0 = Debug|x86
		{FCC1EC04-42A5-4CEA-B270-009C02A19976}.DebugRelease|Any CPU.ActiveCfg = Release|Any CPU
		{FCC1EC04-42A5-4CEA-B270-009C02A19976}.DebugRelease|Any CPU.Build.0 = Release|Any CPU
		{FCC1EC04-42A5-4CEA-B270-009C02A19976}.DebugRelease|x64.ActiveCfg = Release|x64
		{FCC1EC04-42A5-4CEA-B270-009C02A19976}.DebugRelease|x64.Build.0 = Release|x64
		{FCC1EC04-42A5-4CEA-B270-009C02A19976}.DebugRelease|x86.ActiveCfg = Release|x86
		{FCC1EC04-42A5-4CEA-B270-009C02A19976}.DebugRelease|x86.Build.0 = Release|x86
		{FCC1EC04-42A5-4CEA-B270-009C02A19976}.Release|Any CPU.ActiveCfg = Release|Any CPU
		{FCC1EC04-42A5-4CEA-B270-009C02A19976}.Release|Any CPU.Build.0 = Release|Any CPU
		{FCC1EC04-42A5-4CEA-B270-009C02A19976}.Release|x64.ActiveCfg = Release|x64
		{FCC1EC04-42A5-4CEA-B270-009C02A19976}.Release|x64.Build.0 = Release|x64
		{FCC1EC04-42A5-4CEA-B270-009C02A19976}.Release|x86.ActiveCfg = Release|x86
		{FCC1EC04-42A5-4CEA-B270-009C02A19976}.Release|x86.Build.0 = Release|x86
		{D71917E4-8CD0-46A3-845D-847720DCD152}.Debug|Any CPU.ActiveCfg = Debug|Any CPU
		{D71917E4-8CD0-46A3-845D-847720DCD152}.Debug|Any CPU.Build.0 = Debug|Any CPU
		{D71917E4-8CD0-46A3-845D-847720DCD152}.Debug|x64.ActiveCfg = Debug|x64
		{D71917E4-8CD0-46A3-845D-847720DCD152}.Debug|x64.Build.0 = Debug|x64
		{D71917E4-8CD0-46A3-845D-847720DCD152}.Debug|x86.ActiveCfg = Debug|x86
		{D71917E4-8CD0-46A3-845D-847720DCD152}.Debug|x86.Build.0 = Debug|x86
		{D71917E4-8CD0-46A3-845D-847720DCD152}.DebugRelease|Any CPU.ActiveCfg = DebugRelease|Any CPU
		{D71917E4-8CD0-46A3-845D-847720DCD152}.DebugRelease|Any CPU.Build.0 = DebugRelease|Any CPU
		{D71917E4-8CD0-46A3-845D-847720DCD152}.DebugRelease|x64.ActiveCfg = DebugRelease|x64
		{D71917E4-8CD0-46A3-845D-847720DCD152}.DebugRelease|x64.Build.0 = DebugRelease|x64
		{D71917E4-8CD0-46A3-845D-847720DCD152}.DebugRelease|x86.ActiveCfg = DebugRelease|x86
		{D71917E4-8CD0-46A3-845D-847720DCD152}.DebugRelease|x86.Build.0 = DebugRelease|x86
		{D71917E4-8CD0-46A3-845D-847720DCD152}.Release|Any CPU.ActiveCfg = Release|Any CPU
		{D71917E4-8CD0-46A3-845D-847720DCD152}.Release|Any CPU.Build.0 = Release|Any CPU
		{D71917E4-8CD0-46A3-845D-847720DCD152}.Release|x64.ActiveCfg = Release|x64
		{D71917E4-8CD0-46A3-845D-847720DCD152}.Release|x64.Build.0 = Release|x64
		{D71917E4-8CD0-46A3-845D-847720DCD152}.Release|x86.ActiveCfg = Release|x86
		{D71917E4-8CD0-46A3-845D-847720DCD152}.Release|x86.Build.0 = Release|x86
		{90D3914A-95CF-4AEA-B6E5-50051920F261}.Debug|Any CPU.ActiveCfg = Debug|Any CPU
		{90D3914A-95CF-4AEA-B6E5-50051920F261}.Debug|Any CPU.Build.0 = Debug|Any CPU
		{90D3914A-95CF-4AEA-B6E5-50051920F261}.Debug|x64.ActiveCfg = Debug|x64
		{90D3914A-95CF-4AEA-B6E5-50051920F261}.Debug|x64.Build.0 = Debug|x64
		{90D3914A-95CF-4AEA-B6E5-50051920F261}.Debug|x86.ActiveCfg = Debug|x86
		{90D3914A-95CF-4AEA-B6E5-50051920F261}.Debug|x86.Build.0 = Debug|x86
		{90D3914A-95CF-4AEA-B6E5-50051920F261}.DebugRelease|Any CPU.ActiveCfg = DebugRelease|Any CPU
		{90D3914A-95CF-4AEA-B6E5-50051920F261}.DebugRelease|Any CPU.Build.0 = DebugRelease|Any CPU
		{90D3914A-95CF-4AEA-B6E5-50051920F261}.DebugRelease|x64.ActiveCfg = DebugRelease|x64
		{90D3914A-95CF-4AEA-B6E5-50051920F261}.DebugRelease|x64.Build.0 = DebugRelease|x64
		{90D3914A-95CF-4AEA-B6E5-50051920F261}.DebugRelease|x86.ActiveCfg = DebugRelease|x86
		{90D3914A-95CF-4AEA-B6E5-50051920F261}.DebugRelease|x86.Build.0 = DebugRelease|x86
		{90D3914A-95CF-4AEA-B6E5-50051920F261}.Release|Any CPU.ActiveCfg = Release|Any CPU
		{90D3914A-95CF-4AEA-B6E5-50051920F261}.Release|Any CPU.Build.0 = Release|Any CPU
		{90D3914A-95CF-4AEA-B6E5-50051920F261}.Release|x64.ActiveCfg = Release|x64
		{90D3914A-95CF-4AEA-B6E5-50051920F261}.Release|x64.Build.0 = Release|x64
		{90D3914A-95CF-4AEA-B6E5-50051920F261}.Release|x86.ActiveCfg = Release|x86
		{90D3914A-95CF-4AEA-B6E5-50051920F261}.Release|x86.Build.0 = Release|x86
		{175140C0-BE10-40D1-AEB0-8625C2A97019}.Debug|Any CPU.ActiveCfg = Debug|Any CPU
		{175140C0-BE10-40D1-AEB0-8625C2A97019}.Debug|Any CPU.Build.0 = Debug|Any CPU
		{175140C0-BE10-40D1-AEB0-8625C2A97019}.Debug|x64.ActiveCfg = Debug|x64
		{175140C0-BE10-40D1-AEB0-8625C2A97019}.Debug|x64.Build.0 = Debug|x64
		{175140C0-BE10-40D1-AEB0-8625C2A97019}.Debug|x86.ActiveCfg = Debug|x86
		{175140C0-BE10-40D1-AEB0-8625C2A97019}.Debug|x86.Build.0 = Debug|x86
		{175140C0-BE10-40D1-AEB0-8625C2A97019}.DebugRelease|Any CPU.ActiveCfg = DebugRelease|Any CPU
		{175140C0-BE10-40D1-AEB0-8625C2A97019}.DebugRelease|Any CPU.Build.0 = DebugRelease|Any CPU
		{175140C0-BE10-40D1-AEB0-8625C2A97019}.DebugRelease|x64.ActiveCfg = DebugRelease|x64
		{175140C0-BE10-40D1-AEB0-8625C2A97019}.DebugRelease|x64.Build.0 = DebugRelease|x64
		{175140C0-BE10-40D1-AEB0-8625C2A97019}.DebugRelease|x86.ActiveCfg = DebugRelease|x86
		{175140C0-BE10-40D1-AEB0-8625C2A97019}.DebugRelease|x86.Build.0 = DebugRelease|x86
		{175140C0-BE10-40D1-AEB0-8625C2A97019}.Release|Any CPU.ActiveCfg = Release|Any CPU
		{175140C0-BE10-40D1-AEB0-8625C2A97019}.Release|Any CPU.Build.0 = Release|Any CPU
		{175140C0-BE10-40D1-AEB0-8625C2A97019}.Release|x64.ActiveCfg = Release|x64
		{175140C0-BE10-40D1-AEB0-8625C2A97019}.Release|x64.Build.0 = Release|x64
		{175140C0-BE10-40D1-AEB0-8625C2A97019}.Release|x86.ActiveCfg = Release|x86
		{175140C0-BE10-40D1-AEB0-8625C2A97019}.Release|x86.Build.0 = Release|x86
		{D6EF0809-1EAD-4613-9F44-37CA9324EA78}.Debug|Any CPU.ActiveCfg = Debug|Any CPU
		{D6EF0809-1EAD-4613-9F44-37CA9324EA78}.Debug|Any CPU.Build.0 = Debug|Any CPU
		{D6EF0809-1EAD-4613-9F44-37CA9324EA78}.Debug|x64.ActiveCfg = Debug|x64
		{D6EF0809-1EAD-4613-9F44-37CA9324EA78}.Debug|x64.Build.0 = Debug|x64
		{D6EF0809-1EAD-4613-9F44-37CA9324EA78}.Debug|x86.ActiveCfg = Debug|Any CPU
		{D6EF0809-1EAD-4613-9F44-37CA9324EA78}.Debug|x86.Build.0 = Debug|Any CPU
		{D6EF0809-1EAD-4613-9F44-37CA9324EA78}.DebugRelease|Any CPU.ActiveCfg = Release|Any CPU
		{D6EF0809-1EAD-4613-9F44-37CA9324EA78}.DebugRelease|Any CPU.Build.0 = Release|Any CPU
		{D6EF0809-1EAD-4613-9F44-37CA9324EA78}.DebugRelease|x64.ActiveCfg = Release|x64
		{D6EF0809-1EAD-4613-9F44-37CA9324EA78}.DebugRelease|x64.Build.0 = Release|x64
		{D6EF0809-1EAD-4613-9F44-37CA9324EA78}.DebugRelease|x86.ActiveCfg = Release|Any CPU
		{D6EF0809-1EAD-4613-9F44-37CA9324EA78}.DebugRelease|x86.Build.0 = Release|Any CPU
		{D6EF0809-1EAD-4613-9F44-37CA9324EA78}.Release|Any CPU.ActiveCfg = Release|Any CPU
		{D6EF0809-1EAD-4613-9F44-37CA9324EA78}.Release|Any CPU.Build.0 = Release|Any CPU
		{D6EF0809-1EAD-4613-9F44-37CA9324EA78}.Release|x64.ActiveCfg = Release|x64
		{D6EF0809-1EAD-4613-9F44-37CA9324EA78}.Release|x64.Build.0 = Release|x64
		{D6EF0809-1EAD-4613-9F44-37CA9324EA78}.Release|x86.ActiveCfg = Release|Any CPU
		{D6EF0809-1EAD-4613-9F44-37CA9324EA78}.Release|x86.Build.0 = Release|Any CPU
	EndGlobalSection
	GlobalSection(SolutionProperties) = preSolution
		HideSolutionNode = FALSE
	EndGlobalSection
	GlobalSection(NestedProjects) = preSolution
		{8243E118-F46E-45DD-B089-927223B240B5} = {E65F55FA-5F33-4B34-9B9A-EF6ABC829D1F}
		{39BB034B-2C3C-4452-B8A1-56552BF1404A} = {E65F55FA-5F33-4B34-9B9A-EF6ABC829D1F}
		{9180378F-A59F-488D-A333-508D164BF641} = {E65F55FA-5F33-4B34-9B9A-EF6ABC829D1F}
		{591549BA-F03F-4517-8196-731524C0DEE1} = {74680561-9536-4DB7-B97F-117BDF4A4888}
		{44501C3C-15B7-4FF9-B9C8-6B29478E0FA5} = {74680561-9536-4DB7-B97F-117BDF4A4888}
		{8446BEE1-62DA-4AE2-8FE3-5D198C5B6677} = {74680561-9536-4DB7-B97F-117BDF4A4888}
		{4C2ED2D0-0309-4F2F-8812-65AAF81305B1} = {74680561-9536-4DB7-B97F-117BDF4A4888}
		{89149EAF-59CD-44A6-83B8-72149ADE4F82} = {AA5C9D7E-018F-4B22-82C5-955C8FB17EE7}
		{B6775781-8BD3-4C0D-A495-1D74CEB94883} = {AA5C9D7E-018F-4B22-82C5-955C8FB17EE7}
		{AF232063-8765-4B68-8BC6-66F9A3A43B46} = {AA5C9D7E-018F-4B22-82C5-955C8FB17EE7}
		{29810AAC-68B5-4E5C-B6AA-5D4C51F2C331} = {AA5C9D7E-018F-4B22-82C5-955C8FB17EE7}
		{B7F4CF07-54E9-4259-BB12-F18F12A1E6D6} = {AA5C9D7E-018F-4B22-82C5-955C8FB17EE7}
		{C900310F-86B1-4902-A317-70AA89DECFE1} = {AA5C9D7E-018F-4B22-82C5-955C8FB17EE7}
		{7A07B22B-099E-41DC-8344-67BA0043B7F8} = {AA5C9D7E-018F-4B22-82C5-955C8FB17EE7}
		{FCC1EC04-42A5-4CEA-B270-009C02A19976} = {AA5C9D7E-018F-4B22-82C5-955C8FB17EE7}
		{D71917E4-8CD0-46A3-845D-847720DCD152} = {74680561-9536-4DB7-B97F-117BDF4A4888}
		{90D3914A-95CF-4AEA-B6E5-50051920F261} = {74680561-9536-4DB7-B97F-117BDF4A4888}
		{175140C0-BE10-40D1-AEB0-8625C2A97019} = {74680561-9536-4DB7-B97F-117BDF4A4888}
		{D6EF0809-1EAD-4613-9F44-37CA9324EA78} = {74680561-9536-4DB7-B97F-117BDF4A4888}
	EndGlobalSection
	GlobalSection(ExtensibilityGlobals) = postSolution
		SolutionGuid = {7336FDE1-8CD2-4476-9466-9CA8EA19BB46}
	EndGlobalSection
EndGlobal
